{
  "name": "cc2145a2fe1558fa",
  "lockfileVersion": 3,
  "requires": true,
  "packages": {
    "": {
      "dependencies": {
        "create-next-app": "^16.1.4"
      }
    },
    "node_modules/create-next-app": {
      "version": "16.1.4",
      "resolved": "https://registry.npmjs.org/create-next-app/-/create-next-app-16.1.4.tgz",
      "integrity": "sha512-nWy13oMGaP0j8qm0savKRGIhecbxC80bj1qe5sgjcXAwsi3Q/lMrwQADacg6GJNF9mSBKpt2oUqc9WpSusxKcg==",
      "license": "MIT",
      "bin": {
        "create-next-app": "dist/index.js"
      },
      "engines": {
        "node": ">=20.9.0"
      }
    }
  }
}
